{
    "name": "@se-2/nakama-modules",
    "version": "0.0.1",
    "lockfileVersion": 3,
    "requires": true,
    "packages": {
        "": {
            "name": "@se-2/nakama-modules",
            "version": "0.0.1",
            "dependencies": {
                "nakama-runtime": "github:heroiclabs/nakama-common"
            },
            "devDependencies": {
                "typescript": "^4.5.4"
            }
        },
        "node_modules/nakama-runtime": {
            "version": "1.33.0",
            "resolved": "git+ssh://git@github.com/heroiclabs/nakama-common.git#3cdf52bdf781d552a4647e7444fd903e4a5f6f3a"
        },
        "node_modules/typescript": {
            "version": "4.9.5",
            "resolved": "https://registry.npmjs.org/typescript/-/typescript-4.9.5.tgz",
            "integrity": "sha512-1FXk9E2Hm+QzZQ7z+McJiHL4NW1F2EzMu9Nq9i3zAaGqibafqYwCVU6WyWAuyQRRzOlxou8xZSyXLEN8oKj24g==",
            "dev": true,
            "bin": {
                "tsc": "bin/tsc",
                "tsserver": "bin/tsserver"
            },
            "engines": {
                "node": ">=4.2.0"
            }
        }
    }
}
